
Microsoft Visual Studio Solution File, Format Version 12.00
# Visual Studio Version 17
VisualStudioVersion = 17.5.33502.453
MinimumVisualStudioVersion = 10.0.40219.1
Project("{9A19103F-16F7-4668-BE54-9A1E7A4F7556}") = "SomeStuff", "SomeStuff.csproj", "{4631A3DD-7AF0-460C-8BB2-0941140BF35A}"
EndProject
Global
	GlobalSection(SolutionConfigurationPlatforms) = preSolution
		Debug|Any CPU = Debug|Any CPU
		Release|Any CPU = Release|Any CPU
	EndGlobalSection
	GlobalSection(ProjectConfigurationPlatforms) = postSolution
		{4631A3DD-7AF0-460C-8BB2-0941140BF35A}.Debug|Any CPU.ActiveCfg = Debug|Any CPU
		{4631A3DD-7AF0-460C-8BB2-0941140BF35A}.Debug|Any CPU.Build.0 = Debug|Any CPU
		{4631A3DD-7AF0-460C-8BB2-0941140BF35A}.Release|Any CPU.ActiveCfg = Release|Any CPU
		{4631A3DD-7AF0-460C-8BB2-0941140BF35A}.Release|Any CPU.Build.0 = Release|Any CPU
	EndGlobalSection
	GlobalSection(SolutionProperties) = preSolution
		HideSolutionNode = FALSE
	EndGlobalSection
	GlobalSection(ExtensibilityGlobals) = postSolution
		SolutionGuid = {CEE30022-59DF-416A-B071-07811A6A7EBC}
	EndGlobalSection
EndGlobal
